
Microsoft Visual Studio Solution File, Format Version 12.00
# Visual Studio Version 17
VisualStudioVersion = 17.4.32916.344
MinimumVisualStudioVersion = 10.0.40219.1
Project("{FAE04EC0-301F-11D3-BF4B-00C04F79EFBC}") = "NiTiS.Docs.Markdown", "NiTiS.Docs.Markdown\NiTiS.Docs.Markdown.csproj", "{37B2C867-B3F8-4B24-B063-AABD06F19BE0}"
EndProject
Project("{FAE04EC0-301F-11D3-BF4B-00C04F79EFBC}") = "NiTiS.Docs.Markdown.Tests", "NiTiS.Docs.Markdown.Tests\NiTiS.Docs.Markdown.Tests.csproj", "{27C36F99-876D-4471-8BB3-C72E5163F453}"
EndProject
Global
	GlobalSection(SolutionConfigurationPlatforms) = preSolution
		Debug|Any CPU = Debug|Any CPU
		Release|Any CPU = Release|Any CPU
	EndGlobalSection
	GlobalSection(ProjectConfigurationPlatforms) = postSolution
		{37B2C867-B3F8-4B24-B063-AABD06F19BE0}.Debug|Any CPU.ActiveCfg = Debug|Any CPU
		{37B2C867-B3F8-4B24-B063-AABD06F19BE0}.Debug|Any CPU.Build.0 = Debug|Any CPU
		{37B2C867-B3F8-4B24-B063-AABD06F19BE0}.Release|Any CPU.ActiveCfg = Release|Any CPU
		{37B2C867-B3F8-4B24-B063-AABD06F19BE0}.Release|Any CPU.Build.0 = Release|Any CPU
		{27C36F99-876D-4471-8BB3-C72E5163F453}.Debug|Any CPU.ActiveCfg = Debug|Any CPU
		{27C36F99-876D-4471-8BB3-C72E5163F453}.Debug|Any CPU.Build.0 = Debug|Any CPU
		{27C36F99-876D-4471-8BB3-C72E5163F453}.Release|Any CPU.ActiveCfg = Release|Any CPU
		{27C36F99-876D-4471-8BB3-C72E5163F453}.Release|Any CPU.Build.0 = Release|Any CPU
	EndGlobalSection
	GlobalSection(SolutionProperties) = preSolution
		HideSolutionNode = FALSE
	EndGlobalSection
	GlobalSection(ExtensibilityGlobals) = postSolution
		SolutionGuid = {E7381034-C0F5-49F6-B734-B11B17AE0CAA}
	EndGlobalSection
EndGlobal
